{
  "nodes": {
    "caelestia": {
      "inputs": {
        "caelestia-cli": "caelestia-cli",
        "nixpkgs": [
          "nixpkgs"
        ],
        "quickshell": "quickshell"
      },
      "locked": {
        "lastModified": 1757406922,
        "narHash": "sha256-NuSvZAskp8FUMRZ7/5DGcCc+Lj8k2eHtUqexvYnXvRc=",
        "owner": "caelestia-dots",
        "repo": "shell",
        "rev": "717855c62963fcad2f511e180d82add98f4f73e3",
        "type": "github"
      },
      "original": {
        "owner": "caelestia-dots",
        "repo": "shell",
        "type": "github"
      }
    },
    "caelestia-cli": {
      "inputs": {
        "caelestia-shell": [
          "caelestia"
        ],
        "nixpkgs": [
          "caelestia",
          "nixpkgs"
        ]
      },
      "locked": {
        "lastModified": 1757123223,
        "narHash": "sha256-WE20W7OTKxw+Tvmthpy0CEV0KOvLWuvaW+bceTZ8yhk=",
        "owner": "caelestia-dots",
        "repo": "cli",
        "rev": "12abcf2336e9277c47d745ac3cae04effa28d674",
        "type": "github"
      },
      "original": {
        "owner": "caelestia-dots",
        "repo": "cli",
        "type": "github"
      }
    },
    "home-manager": {
      "inputs": {
        "nixpkgs": [
          "nixpkgs"
        ]
      },
      "locked": {
        "lastModified": 1753387274,
        "narHash": "sha256-Y1hAI9h+9DLBbgKvZBsHaeptFIcRw4iC6ySPmzyqmlM=",
        "owner": "nix-community",
        "repo": "home-manager",
        "rev": "a35f6b60430ff0c7803bd2a727df84c87569c167",
        "type": "github"
      },
      "original": {
        "owner": "nix-community",
        "repo": "home-manager",
        "type": "github"
      }
    },
    "nixpkgs": {
      "locked": {
        "lastModified": 1753250450,
        "narHash": "sha256-i+CQV2rPmP8wHxj0aq4siYyohHwVlsh40kV89f3nw1s=",
        "owner": "NixOS",
        "repo": "nixpkgs",
        "rev": "fc02ee70efb805d3b2865908a13ddd4474557ecf",
        "type": "github"
      },
      "original": {
        "owner": "NixOS",
        "ref": "nixos-unstable",
        "repo": "nixpkgs",
        "type": "github"
      }
    },
    "quickshell": {
      "inputs": {
        "nixpkgs": [
          "caelestia",
          "nixpkgs"
        ]
      },
      "locked": {
        "lastModified": 1756981260,
        "narHash": "sha256-GhuD9QVimjynHI0OOyZsqJsnlXr2orowh9H+HYz4YMs=",
        "ref": "refs/heads/master",
        "rev": "6eb12551baf924f8fdecdd04113863a754259c34",
        "revCount": 672,
        "type": "git",
        "url": "https://git.outfoxxed.me/outfoxxed/quickshell"
      },
      "original": {
        "type": "git",
        "url": "https://git.outfoxxed.me/outfoxxed/quickshell"
      }
    },
    "root": {
      "inputs": {
        "caelestia": "caelestia",
        "home-manager": "home-manager",
        "nixpkgs": "nixpkgs"
      }
    }
  },
  "root": "root",
  "version": 7
}
